
Microsoft Visual Studio Solution File, Format Version 12.00
# Visual Studio Version 17
VisualStudioVersion = 17.14.36121.58 d17.14
MinimumVisualStudioVersion = 10.0.40219.1
Project("{FAE04EC0-301F-11D3-BF4B-00C04F79EFBC}") = "Dim1", "Dim1\Dim1.csproj", "{60BC4807-B57E-477A-AED9-9272C837419E}"
EndProject
Project("{FAE04EC0-301F-11D3-BF4B-00C04F79EFBC}") = "Dim2", "Dim2\Dim2.csproj", "{6398FF5D-187B-49B7-9A09-AA59EC89F8D9}"
EndProject
Project("{FAE04EC0-301F-11D3-BF4B-00C04F79EFBC}") = "Dim3", "Dim3\Dim3.csproj", "{4F23231A-6779-4D57-BF10-3C072F4F1D89}"
EndProject
Global
	GlobalSection(SolutionConfigurationPlatforms) = preSolution
		Debug|Any CPU = Debug|Any CPU
		Release|Any CPU = Release|Any CPU
	EndGlobalSection
	GlobalSection(ProjectConfigurationPlatforms) = postSolution
		{60BC4807-B57E-477A-AED9-9272C837419E}.Debug|Any CPU.ActiveCfg = Debug|Any CPU
		{60BC4807-B57E-477A-AED9-9272C837419E}.Debug|Any CPU.Build.0 = Debug|Any CPU
		{60BC4807-B57E-477A-AED9-9272C837419E}.Release|Any CPU.ActiveCfg = Release|Any CPU
		{60BC4807-B57E-477A-AED9-9272C837419E}.Release|Any CPU.Build.0 = Release|Any CPU
		{6398FF5D-187B-49B7-9A09-AA59EC89F8D9}.Debug|Any CPU.ActiveCfg = Debug|Any CPU
		{6398FF5D-187B-49B7-9A09-AA59EC89F8D9}.Debug|Any CPU.Build.0 = Debug|Any CPU
		{6398FF5D-187B-49B7-9A09-AA59EC89F8D9}.Release|Any CPU.ActiveCfg = Release|Any CPU
		{6398FF5D-187B-49B7-9A09-AA59EC89F8D9}.Release|Any CPU.Build.0 = Release|Any CPU
		{4F23231A-6779-4D57-BF10-3C072F4F1D89}.Debug|Any CPU.ActiveCfg = Debug|Any CPU
		{4F23231A-6779-4D57-BF10-3C072F4F1D89}.Debug|Any CPU.Build.0 = Debug|Any CPU
		{4F23231A-6779-4D57-BF10-3C072F4F1D89}.Release|Any CPU.ActiveCfg = Release|Any CPU
		{4F23231A-6779-4D57-BF10-3C072F4F1D89}.Release|Any CPU.Build.0 = Release|Any CPU
	EndGlobalSection
	GlobalSection(SolutionProperties) = preSolution
		HideSolutionNode = FALSE
	EndGlobalSection
	GlobalSection(ExtensibilityGlobals) = postSolution
		SolutionGuid = {7EABC888-E2B3-47A0-8EA1-9A2DDCF4A496}
	EndGlobalSection
EndGlobal
